
Microsoft Visual Studio Solution File, Format Version 12.00
# Visual Studio 15
VisualStudioVersion = 15.0.28307.1082
MinimumVisualStudioVersion = 10.0.40219.1
Project("{FAE04EC0-301F-11D3-BF4B-00C04F79EFBC}") = "Assignments", "Assignments\Assignments.csproj", "{61D8742B-B2AB-4DD4-861E-1B2A95A51029}"
EndProject
Project("{FAE04EC0-301F-11D3-BF4B-00C04F79EFBC}") = "DataAccessLayer", "DataAccessLayer\DataAccessLayer.csproj", "{3858834B-B431-4792-8DFF-D6F2E8491445}"
EndProject
Project("{FAE04EC0-301F-11D3-BF4B-00C04F79EFBC}") = "Models", "Models\Models.csproj", "{37C63928-7D02-410D-898B-0E807725DB27}"
EndProject
Project("{FAE04EC0-301F-11D3-BF4B-00C04F79EFBC}") = "BusinessLogicLayer", "BusinessLogicLayer\BusinessLogicLayer.csproj", "{256B8FB9-3B54-44FA-B408-26B3BD7AC497}"
EndProject
Project("{FAE04EC0-301F-11D3-BF4B-00C04F79EFBC}") = "WpfApp1", "WpfApp1\WpfApp1.csproj", "{CCE0183C-389F-4A50-8F34-E2267492DB5E}"
EndProject
Global
	GlobalSection(SolutionConfigurationPlatforms) = preSolution
		Debug|Any CPU = Debug|Any CPU
		Release|Any CPU = Release|Any CPU
	EndGlobalSection
	GlobalSection(ProjectConfigurationPlatforms) = postSolution
		{61D8742B-B2AB-4DD4-861E-1B2A95A51029}.Debug|Any CPU.ActiveCfg = Debug|Any CPU
		{61D8742B-B2AB-4DD4-861E-1B2A95A51029}.Debug|Any CPU.Build.0 = Debug|Any CPU
		{61D8742B-B2AB-4DD4-861E-1B2A95A51029}.Release|Any CPU.ActiveCfg = Release|Any CPU
		{61D8742B-B2AB-4DD4-861E-1B2A95A51029}.Release|Any CPU.Build.0 = Release|Any CPU
		{3858834B-B431-4792-8DFF-D6F2E8491445}.Debug|Any CPU.ActiveCfg = Debug|Any CPU
		{3858834B-B431-4792-8DFF-D6F2E8491445}.Debug|Any CPU.Build.0 = Debug|Any CPU
		{3858834B-B431-4792-8DFF-D6F2E8491445}.Release|Any CPU.ActiveCfg = Release|Any CPU
		{3858834B-B431-4792-8DFF-D6F2E8491445}.Release|Any CPU.Build.0 = Release|Any CPU
		{37C63928-7D02-410D-898B-0E807725DB27}.Debug|Any CPU.ActiveCfg = Debug|Any CPU
		{37C63928-7D02-410D-898B-0E807725DB27}.Debug|Any CPU.Build.0 = Debug|Any CPU
		{37C63928-7D02-410D-898B-0E807725DB27}.Release|Any CPU.ActiveCfg = Release|Any CPU
		{37C63928-7D02-410D-898B-0E807725DB27}.Release|Any CPU.Build.0 = Release|Any CPU
		{256B8FB9-3B54-44FA-B408-26B3BD7AC497}.Debug|Any CPU.ActiveCfg = Debug|Any CPU
		{256B8FB9-3B54-44FA-B408-26B3BD7AC497}.Debug|Any CPU.Build.0 = Debug|Any CPU
		{256B8FB9-3B54-44FA-B408-26B3BD7AC497}.Release|Any CPU.ActiveCfg = Release|Any CPU
		{256B8FB9-3B54-44FA-B408-26B3BD7AC497}.Release|Any CPU.Build.0 = Release|Any CPU
		{CCE0183C-389F-4A50-8F34-E2267492DB5E}.Debug|Any CPU.ActiveCfg = Debug|Any CPU
		{CCE0183C-389F-4A50-8F34-E2267492DB5E}.Debug|Any CPU.Build.0 = Debug|Any CPU
		{CCE0183C-389F-4A50-8F34-E2267492DB5E}.Release|Any CPU.ActiveCfg = Release|Any CPU
		{CCE0183C-389F-4A50-8F34-E2267492DB5E}.Release|Any CPU.Build.0 = Release|Any CPU
	EndGlobalSection
	GlobalSection(SolutionProperties) = preSolution
		HideSolutionNode = FALSE
	EndGlobalSection
	GlobalSection(ExtensibilityGlobals) = postSolution
		SolutionGuid = {236C6FBC-30E3-4223-9FEA-78D6D209F174}
	EndGlobalSection
EndGlobal
